
Microsoft Visual Studio Solution File, Format Version 12.00
# Visual Studio Version 16
VisualStudioVersion = 16.0.30804.86
MinimumVisualStudioVersion = 10.0.40219.1
Project("{9A19103F-16F7-4668-BE54-9A1E7A4F7556}") = "Trapdoor", "Trapdoor.csproj", "{908D0C75-0221-4601-B7C7-42EE7A66CAAC}"
EndProject
Global
	GlobalSection(SolutionConfigurationPlatforms) = preSolution
		Debug|Any CPU = Debug|Any CPU
		Release|Any CPU = Release|Any CPU
	EndGlobalSection
	GlobalSection(ProjectConfigurationPlatforms) = postSolution
		{908D0C75-0221-4601-B7C7-42EE7A66CAAC}.Debug|Any CPU.ActiveCfg = Debug|Any CPU
		{908D0C75-0221-4601-B7C7-42EE7A66CAAC}.Debug|Any CPU.Build.0 = Debug|Any CPU
		{908D0C75-0221-4601-B7C7-42EE7A66CAAC}.Release|Any CPU.ActiveCfg = Release|Any CPU
		{908D0C75-0221-4601-B7C7-42EE7A66CAAC}.Release|Any CPU.Build.0 = Release|Any CPU
	EndGlobalSection
	GlobalSection(SolutionProperties) = preSolution
		HideSolutionNode = FALSE
	EndGlobalSection
	GlobalSection(ExtensibilityGlobals) = postSolution
		SolutionGuid = {73B4AFAE-789D-454C-8A1B-0C5784958200}
	EndGlobalSection
EndGlobal
